
Microsoft Visual Studio Solution File, Format Version 12.00
# Visual Studio 15
VisualStudioVersion = 15.0.28307.1321
MinimumVisualStudioVersion = 10.0.40219.1
Project("{FAE04EC0-301F-11D3-BF4B-00C04F79EFBC}") = "Tcc", "Tcc\Tcc.csproj", "{754DA1D2-EB36-44F6-800A-AFD72C293C7C}"
EndProject
Global
	GlobalSection(SolutionConfigurationPlatforms) = preSolution
		Debug|x86 = Debug|x86
	EndGlobalSection
	GlobalSection(ProjectConfigurationPlatforms) = postSolution
		{754DA1D2-EB36-44F6-800A-AFD72C293C7C}.Debug|x86.ActiveCfg = Debug|x86
		{754DA1D2-EB36-44F6-800A-AFD72C293C7C}.Debug|x86.Build.0 = Debug|x86
	EndGlobalSection
	GlobalSection(SolutionProperties) = preSolution
		HideSolutionNode = FALSE
	EndGlobalSection
	GlobalSection(ExtensibilityGlobals) = postSolution
		SolutionGuid = {93FCCAF2-F1CB-4459-BFF1-4935B7F551E6}
	EndGlobalSection
EndGlobal
